
Microsoft Visual Studio Solution File, Format Version 12.00
# Visual Studio Version 17
VisualStudioVersion = 17.11.35222.181
MinimumVisualStudioVersion = 10.0.40219.1
Project("{9A19103F-16F7-4668-BE54-9A1E7A4F7556}") = "PhotocopyRevaluationApp", "PhotocopyRevaluationApp.csproj", "{1D5B126F-6805-4348-B766-56121E7843B4}"
EndProject
Project("{FAE04EC0-301F-11D3-BF4B-00C04F79EFBC}") = "PhotocopyRevaluationApp.Tests", "..\PhotocopyRevaluationApp.Tests\PhotocopyRevaluationApp.Tests.csproj", "{80DC09CD-93D9-487B-B61D-2DCE7F0BDBB8}"
EndProject
Global
	GlobalSection(SolutionConfigurationPlatforms) = preSolution
		Debug|Any CPU = Debug|Any CPU
		Release|Any CPU = Release|Any CPU
	EndGlobalSection
	GlobalSection(ProjectConfigurationPlatforms) = postSolution
		{1D5B126F-6805-4348-B766-56121E7843B4}.Debug|Any CPU.ActiveCfg = Debug|Any CPU
		{1D5B126F-6805-4348-B766-56121E7843B4}.Debug|Any CPU.Build.0 = Debug|Any CPU
		{1D5B126F-6805-4348-B766-56121E7843B4}.Release|Any CPU.ActiveCfg = Release|Any CPU
		{1D5B126F-6805-4348-B766-56121E7843B4}.Release|Any CPU.Build.0 = Release|Any CPU
		{80DC09CD-93D9-487B-B61D-2DCE7F0BDBB8}.Debug|Any CPU.ActiveCfg = Debug|Any CPU
		{80DC09CD-93D9-487B-B61D-2DCE7F0BDBB8}.Debug|Any CPU.Build.0 = Debug|Any CPU
		{80DC09CD-93D9-487B-B61D-2DCE7F0BDBB8}.Release|Any CPU.ActiveCfg = Release|Any CPU
		{80DC09CD-93D9-487B-B61D-2DCE7F0BDBB8}.Release|Any CPU.Build.0 = Release|Any CPU
	EndGlobalSection
	GlobalSection(SolutionProperties) = preSolution
		HideSolutionNode = FALSE
	EndGlobalSection
	GlobalSection(ExtensibilityGlobals) = postSolution
		SolutionGuid = {017973C9-8985-4257-A2A5-B1D794CCA07F}
	EndGlobalSection
EndGlobal
